
Microsoft Visual Studio Solution File, Format Version 11.00
# HRIDE Solution File, Format Version 11.00
Project("{39F91901-BA3E-4766-9ADB-AC16DDCC0D9C}") = "c_epwm", "c_epwm\c_epwm.hrccproj", "{3D9A26B7-DF05-4AC7-8EEE-0A66FCA35A4A}"
EndProject
Global
	GlobalSection(SolutionConfigurationPlatforms) = preSolution
		Debug|x86 = Debug|x86
		Release|x86 = Release|x86
	EndGlobalSection
	GlobalSection(ProjectConfigurationPlatforms) = postSolution
		{3D9A26B7-DF05-4AC7-8EEE-0A66FCA35A4A}.Debug|x86.ActiveCfg = Debug|x86
		{3D9A26B7-DF05-4AC7-8EEE-0A66FCA35A4A}.Debug|x86.Build.0 = Debug|x86
		{3D9A26B7-DF05-4AC7-8EEE-0A66FCA35A4A}.Release|x86.ActiveCfg = Release|x86
		{3D9A26B7-DF05-4AC7-8EEE-0A66FCA35A4A}.Release|x86.Build.0 = Release|x86
	EndGlobalSection
	GlobalSection(SolutionProperties) = preSolution
		HideSolutionNode = FALSE
	EndGlobalSection
EndGlobal
