
Microsoft Visual Studio Solution File, Format Version 11.00
# HRIDE Solution File, Format Version 11.00
Project("{39F91901-BA3E-4766-9ADB-AC16DDCC0D9C}") = "c_keyint", "c_keyint\c_keyint.hrccproj", "{72DFCAA0-E0EE-41A7-A3DD-AF5CFC3742C8}"
EndProject
Global
	GlobalSection(SolutionConfigurationPlatforms) = preSolution
		Debug|x86 = Debug|x86
		Release|x86 = Release|x86
	EndGlobalSection
	GlobalSection(ProjectConfigurationPlatforms) = postSolution
		{72DFCAA0-E0EE-41A7-A3DD-AF5CFC3742C8}.Debug|x86.ActiveCfg = Debug|x86
		{72DFCAA0-E0EE-41A7-A3DD-AF5CFC3742C8}.Debug|x86.Build.0 = Debug|x86
		{72DFCAA0-E0EE-41A7-A3DD-AF5CFC3742C8}.Release|x86.ActiveCfg = Release|x86
		{72DFCAA0-E0EE-41A7-A3DD-AF5CFC3742C8}.Release|x86.Build.0 = Release|x86
	EndGlobalSection
	GlobalSection(SolutionProperties) = preSolution
		HideSolutionNode = FALSE
	EndGlobalSection
EndGlobal
